
Microsoft Visual Studio Solution File, Format Version 12.00
# Visual Studio Version 17
VisualStudioVersion = 17.4.33213.308
MinimumVisualStudioVersion = 10.0.40219.1
Project("{9A19103F-16F7-4668-BE54-9A1E7A4F7556}") = "SyslogWriter", "SyslogWriter\SyslogWriter.csproj", "{3ADECB7A-FA18-4963-B139-438AB2C3D137}"
EndProject
Project("{FAE04EC0-301F-11D3-BF4B-00C04F79EFBC}") = "RemoteSyslogLibrary", "RemoteSyslogLibrary\RemoteSyslogLibrary.csproj", "{229EABFA-3F5A-472A-A526-B73072102877}"
EndProject
Global
	GlobalSection(SolutionConfigurationPlatforms) = preSolution
		Debug|Any CPU = Debug|Any CPU
		Release|Any CPU = Release|Any CPU
	EndGlobalSection
	GlobalSection(ProjectConfigurationPlatforms) = postSolution
		{3ADECB7A-FA18-4963-B139-438AB2C3D137}.Debug|Any CPU.ActiveCfg = Debug|Any CPU
		{3ADECB7A-FA18-4963-B139-438AB2C3D137}.Debug|Any CPU.Build.0 = Debug|Any CPU
		{3ADECB7A-FA18-4963-B139-438AB2C3D137}.Release|Any CPU.ActiveCfg = Release|Any CPU
		{3ADECB7A-FA18-4963-B139-438AB2C3D137}.Release|Any CPU.Build.0 = Release|Any CPU
		{229EABFA-3F5A-472A-A526-B73072102877}.Debug|Any CPU.ActiveCfg = Debug|Any CPU
		{229EABFA-3F5A-472A-A526-B73072102877}.Debug|Any CPU.Build.0 = Debug|Any CPU
		{229EABFA-3F5A-472A-A526-B73072102877}.Release|Any CPU.ActiveCfg = Release|Any CPU
		{229EABFA-3F5A-472A-A526-B73072102877}.Release|Any CPU.Build.0 = Release|Any CPU
	EndGlobalSection
	GlobalSection(SolutionProperties) = preSolution
		HideSolutionNode = FALSE
	EndGlobalSection
	GlobalSection(ExtensibilityGlobals) = postSolution
		SolutionGuid = {89EE321B-3A8F-4CD0-9A65-313F04540810}
	EndGlobalSection
EndGlobal
